
Microsoft Visual Studio Solution File, Format Version 12.00
# Visual Studio 15
VisualStudioVersion = 15.0.28307.852
MinimumVisualStudioVersion = 10.0.40219.1
Project("{A07B5EB6-E848-4116-A8D0-A826331D98C6}") = "SFRemotingSerializationIssue", "SFRemotingSerializationIssue\SFRemotingSerializationIssue.sfproj", "{BB56D7F1-A537-4B74-BE75-14CFE1E8EA2C}"
EndProject
Project("{FAE04EC0-301F-11D3-BF4B-00C04F79EFBC}") = "SampleService", "SampleService\SampleService.csproj", "{1DA7BA3C-FA7C-49ED-9275-005A333D99A3}"
EndProject
Global
	GlobalSection(SolutionConfigurationPlatforms) = preSolution
		Debug|Any CPU = Debug|Any CPU
		Debug|x64 = Debug|x64
		Release|Any CPU = Release|Any CPU
		Release|x64 = Release|x64
	EndGlobalSection
	GlobalSection(ProjectConfigurationPlatforms) = postSolution
		{BB56D7F1-A537-4B74-BE75-14CFE1E8EA2C}.Debug|Any CPU.ActiveCfg = Debug|x64
		{BB56D7F1-A537-4B74-BE75-14CFE1E8EA2C}.Debug|x64.ActiveCfg = Debug|x64
		{BB56D7F1-A537-4B74-BE75-14CFE1E8EA2C}.Debug|x64.Build.0 = Debug|x64
		{BB56D7F1-A537-4B74-BE75-14CFE1E8EA2C}.Debug|x64.Deploy.0 = Debug|x64
		{BB56D7F1-A537-4B74-BE75-14CFE1E8EA2C}.Release|Any CPU.ActiveCfg = Release|x64
		{BB56D7F1-A537-4B74-BE75-14CFE1E8EA2C}.Release|x64.ActiveCfg = Release|x64
		{BB56D7F1-A537-4B74-BE75-14CFE1E8EA2C}.Release|x64.Build.0 = Release|x64
		{BB56D7F1-A537-4B74-BE75-14CFE1E8EA2C}.Release|x64.Deploy.0 = Release|x64
		{1DA7BA3C-FA7C-49ED-9275-005A333D99A3}.Debug|Any CPU.ActiveCfg = Debug|Any CPU
		{1DA7BA3C-FA7C-49ED-9275-005A333D99A3}.Debug|Any CPU.Build.0 = Debug|Any CPU
		{1DA7BA3C-FA7C-49ED-9275-005A333D99A3}.Debug|x64.ActiveCfg = Debug|x64
		{1DA7BA3C-FA7C-49ED-9275-005A333D99A3}.Debug|x64.Build.0 = Debug|x64
		{1DA7BA3C-FA7C-49ED-9275-005A333D99A3}.Release|Any CPU.ActiveCfg = Release|Any CPU
		{1DA7BA3C-FA7C-49ED-9275-005A333D99A3}.Release|Any CPU.Build.0 = Release|Any CPU
		{1DA7BA3C-FA7C-49ED-9275-005A333D99A3}.Release|x64.ActiveCfg = Release|Any CPU
		{1DA7BA3C-FA7C-49ED-9275-005A333D99A3}.Release|x64.Build.0 = Release|Any CPU
	EndGlobalSection
	GlobalSection(SolutionProperties) = preSolution
		HideSolutionNode = FALSE
	EndGlobalSection
	GlobalSection(ExtensibilityGlobals) = postSolution
		SolutionGuid = {815FF55D-F7A7-4507-AF7A-D2B05C1EDA1C}
	EndGlobalSection
EndGlobal
